{
  "version": 4,
  "terraform_version": "1.0.7",
  "serial": 334,
  "lineage": "200e4454-2619-62e5-f76d-c47d7add40e8",
  "outputs": {},
  "resources": [
    {
      "module": "module.aws_cust",
      "mode": "data",
      "type": "aws_ami",
      "name": "ubuntu",
      "provider": "provider[\"registry.terraform.io/hashicorp/aws\"]",
      "instances": [
        {
          "schema_version": 0,
          "attributes": {
            "architecture": "x86_64",
            "arn": "arn:aws:ec2:us-east-2::image/ami-00dfe2c7ce89a450b",
            "block_device_mappings": [
              {
                "device_name": "/dev/xvda",
                "ebs": {
                  "delete_on_termination": "true",
                  "encrypted": "false",
                  "iops": "0",
                  "snapshot_id": "snap-0350fa19a1ac7579d",
                  "throughput": "0",
                  "volume_size": "8",
                  "volume_type": "gp2"
                },
                "no_device": "",
                "virtual_name": ""
              }
            ],
            "creation_date": "2021-08-25T06:57:25.000Z",
            "description": "Amazon Linux 2 AMI 2.0.20210813.1 x86_64 HVM gp2",
            "ena_support": true,
            "executable_users": null,
            "filter": [
              {
                "name": "name",
                "values": [
                  "amzn2-ami-hvm-*-gp2"
                ]
              },
              {
                "name": "virtualization-type",
                "values": [
                  "hvm"
                ]
              }
            ],
            "hypervisor": "xen",
            "id": "ami-00dfe2c7ce89a450b",
            "image_id": "ami-00dfe2c7ce89a450b",
            "image_location": "amazon/amzn2-ami-hvm-2.0.20210813.1-x86_64-gp2",
            "image_owner_alias": "amazon",
            "image_type": "machine",
            "kernel_id": null,
            "most_recent": true,
            "name": "amzn2-ami-hvm-2.0.20210813.1-x86_64-gp2",
            "name_regex": null,
            "owner_id": "137112412989",
            "owners": [
              "amazon"
            ],
            "platform": null,
            "platform_details": "Linux/UNIX",
            "product_codes": [],
            "public": true,
            "ramdisk_id": null,
            "root_device_name": "/dev/xvda",
            "root_device_type": "ebs",
            "root_snapshot_id": "snap-0350fa19a1ac7579d",
            "sriov_net_support": "simple",
            "state": "available",
            "state_reason": {
              "code": "UNSET",
              "message": "UNSET"
            },
            "tags": {},
            "usage_operation": "RunInstances",
            "virtualization_type": "hvm"
          },
          "sensitive_attributes": []
        }
      ]
    },
    {
      "module": "module.azure_cust",
      "mode": "managed",
      "type": "azurerm_linux_virtual_machine",
      "name": "main",
      "provider": "provider[\"registry.terraform.io/hashicorp/azurerm\"]",
      "instances": [
        {
          "index_key": 0,
          "schema_version": 0,
          "attributes": {
            "additional_capabilities": [],
            "admin_password": null,
            "admin_ssh_key": [
              {
                "public_key": "ssh-rsa AAAAB3NzaC1yc2EAAAADAQABAAABgQCuhY7UEAy6iql+57W/tdQgxO9L2rhbRrvvpEaDdoWe9U60s/a8o7IgdN9hSxP/TZAIRmj0tMauZk6VSvT1Cof7qrRWhRF8hnUiiROgjDa1o9yZtM9zp+DDloHnqLxFYRBkGzQGI5NCPEyqXkGcUXK+1zwtlFRq/s7SIvOYP+pf4QtEIRuGfOxm8NfoLIIWi8FtB2IduOYE4tdEJZ4O9YKifltknNL2J0J2T6Nknvu88NRqMsJ6O+BpPU7bZzLK2ld7NlRsk7NTnKTnDetDSyw1Yr5V3TDqJzMJL3PyjjtKTRynXQ/s7GlZa4naOdjjRk2bH9cbz2muhrBcwfe8Y0FyesAi/KWuf/j+AWDcdRR4dmpGg8CeggW6wjGMGipSiqZzdXk/XfcKboLPqtoP35ltdRxW2jTyQOjdEFNNErzfgPdekiWk8ebhoPDWidqBHn61NzNLfnNACxO4goXXrKsIfiinKiPXuxMYCx31xDCQG/GUlmuhe1ICnH2CLoidazc= Narahari@LAPTOP-EI44R2DI\n",
                "username": "narahari"
              }
            ],
            "admin_username": "narahari",
            "allow_extension_operations": true,
            "availability_set_id": "",
            "boot_diagnostics": [],
            "computer_name": "narahari-vm",
            "custom_data": null,
            "dedicated_host_id": "",
            "disable_password_authentication": true,
            "encryption_at_host_enabled": false,
            "eviction_policy": "",
            "extensions_time_budget": "PT1H30M",
            "id": "/subscriptions/77d4478e-38cb-43dc-a5ba-049a62cc7c37/resourceGroups/narahari-resources/providers/Microsoft.Compute/virtualMachines/narahari-vm",
            "identity": [],
            "license_type": "",
            "location": "westeurope",
            "max_bid_price": -1,
            "name": "narahari-vm",
            "network_interface_ids": [
              "/subscriptions/77d4478e-38cb-43dc-a5ba-049a62cc7c37/resourceGroups/narahari-resources/providers/Microsoft.Network/networkInterfaces/narahari-nic"
            ],
            "os_disk": [
              {
                "caching": "ReadWrite",
                "diff_disk_settings": [],
                "disk_encryption_set_id": "",
                "disk_size_gb": 30,
                "name": "narahari-vm_OsDisk_1_036b84adac524238a048f223867cf2bd",
                "storage_account_type": "Standard_LRS",
                "write_accelerator_enabled": false
              }
            ],
            "plan": [],
            "platform_fault_domain": -1,
            "priority": "Regular",
            "private_ip_address": "10.0.2.4",
            "private_ip_addresses": [
              "10.0.2.4"
            ],
            "provision_vm_agent": true,
            "proximity_placement_group_id": "",
            "public_ip_address": "52.232.82.109",
            "public_ip_addresses": [
              "52.232.82.109"
            ],
            "resource_group_name": "narahari-resources",
            "secret": [],
            "size": "Standard_F2",
            "source_image_id": "",
            "source_image_reference": [
              {
                "offer": "UbuntuServer",
                "publisher": "Canonical",
                "sku": "16.04-LTS",
                "version": "latest"
              }
            ],
            "tags": {},
            "timeouts": null,
            "virtual_machine_id": "77741182-1ad9-48ca-9467-c59e5c0082df",
            "virtual_machine_scale_set_id": "",
            "zone": ""
          },
          "sensitive_attributes": [],
          "private": "eyJlMmJmYjczMC1lY2FhLTExZTYtOGY4OC0zNDM2M2JjN2M0YzAiOnsiY3JlYXRlIjoyNzAwMDAwMDAwMDAwLCJkZWxldGUiOjI3MDAwMDAwMDAwMDAsInJlYWQiOjMwMDAwMDAwMDAwMCwidXBkYXRlIjoyNzAwMDAwMDAwMDAwfX0=",
          "dependencies": [
            "module.azure_cust.azurerm_network_interface.main",
            "module.azure_cust.azurerm_public_ip.main",
            "module.azure_cust.azurerm_resource_group.main",
            "module.azure_cust.azurerm_subnet.internal",
            "module.azure_cust.azurerm_virtual_network.main"
          ]
        }
      ]
    },
    {
      "module": "module.azure_cust",
      "mode": "managed",
      "type": "azurerm_network_interface",
      "name": "main",
      "provider": "provider[\"registry.terraform.io/hashicorp/azurerm\"]",
      "instances": [
        {
          "index_key": 0,
          "schema_version": 0,
          "attributes": {
            "applied_dns_servers": [],
            "dns_servers": [],
            "enable_accelerated_networking": false,
            "enable_ip_forwarding": false,
            "id": "/subscriptions/77d4478e-38cb-43dc-a5ba-049a62cc7c37/resourceGroups/narahari-resources/providers/Microsoft.Network/networkInterfaces/narahari-nic",
            "internal_dns_name_label": "",
            "internal_domain_name_suffix": "ga33seious0enmdgek5tut2m1e.ax.internal.cloudapp.net",
            "ip_configuration": [
              {
                "name": "internal",
                "primary": true,
                "private_ip_address": "10.0.2.4",
                "private_ip_address_allocation": "Dynamic",
                "private_ip_address_version": "IPv4",
                "public_ip_address_id": "/subscriptions/77d4478e-38cb-43dc-a5ba-049a62cc7c37/resourceGroups/narahari-resources/providers/Microsoft.Network/publicIPAddresses/narahari-pip",
                "subnet_id": "/subscriptions/77d4478e-38cb-43dc-a5ba-049a62cc7c37/resourceGroups/narahari-resources/providers/Microsoft.Network/virtualNetworks/narahari-network/subnets/internal"
              }
            ],
            "location": "westeurope",
            "mac_address": "60-45-BD-89-7B-A6",
            "name": "narahari-nic",
            "private_ip_address": "10.0.2.4",
            "private_ip_addresses": [
              "10.0.2.4"
            ],
            "resource_group_name": "narahari-resources",
            "tags": {},
            "timeouts": null,
            "virtual_machine_id": "/subscriptions/77d4478e-38cb-43dc-a5ba-049a62cc7c37/resourceGroups/narahari-resources/providers/Microsoft.Compute/virtualMachines/narahari-vm"
          },
          "sensitive_attributes": [],
          "private": "eyJlMmJmYjczMC1lY2FhLTExZTYtOGY4OC0zNDM2M2JjN2M0YzAiOnsiY3JlYXRlIjoxODAwMDAwMDAwMDAwLCJkZWxldGUiOjE4MDAwMDAwMDAwMDAsInJlYWQiOjMwMDAwMDAwMDAwMCwidXBkYXRlIjoxODAwMDAwMDAwMDAwfX0=",
          "dependencies": [
            "module.azure_cust.azurerm_subnet.internal",
            "module.azure_cust.azurerm_virtual_network.main",
            "module.azure_cust.azurerm_public_ip.main",
            "module.azure_cust.azurerm_resource_group.main"
          ]
        }
      ]
    },
    {
      "module": "module.azure_cust",
      "mode": "managed",
      "type": "azurerm_network_interface_security_group_association",
      "name": "example",
      "provider": "provider[\"registry.terraform.io/hashicorp/azurerm\"]",
      "instances": [
        {
          "schema_version": 0,
          "attributes": {
            "id": "/subscriptions/77d4478e-38cb-43dc-a5ba-049a62cc7c37/resourceGroups/narahari-resources/providers/Microsoft.Network/networkInterfaces/narahari-nic|/subscriptions/77d4478e-38cb-43dc-a5ba-049a62cc7c37/resourceGroups/narahari-resources/providers/Microsoft.Network/networkSecurityGroups/acceptanceTestSecurityGroup1",
            "network_interface_id": "/subscriptions/77d4478e-38cb-43dc-a5ba-049a62cc7c37/resourceGroups/narahari-resources/providers/Microsoft.Network/networkInterfaces/narahari-nic",
            "network_security_group_id": "/subscriptions/77d4478e-38cb-43dc-a5ba-049a62cc7c37/resourceGroups/narahari-resources/providers/Microsoft.Network/networkSecurityGroups/acceptanceTestSecurityGroup1",
            "timeouts": null
          },
          "sensitive_attributes": [],
          "private": "eyJlMmJmYjczMC1lY2FhLTExZTYtOGY4OC0zNDM2M2JjN2M0YzAiOnsiY3JlYXRlIjoxODAwMDAwMDAwMDAwLCJkZWxldGUiOjE4MDAwMDAwMDAwMDAsInJlYWQiOjMwMDAwMDAwMDAwMCwidXBkYXRlIjoxODAwMDAwMDAwMDAwfX0=",
          "dependencies": [
            "module.azure_cust.azurerm_network_interface.main",
            "module.azure_cust.azurerm_network_security_group.example"
          ]
        }
      ]
    },
    {
      "module": "module.azure_cust",
      "mode": "managed",
      "type": "azurerm_network_security_group",
      "name": "example",
      "provider": "provider[\"registry.terraform.io/hashicorp/azurerm\"]",
      "instances": [
        {
          "index_key": 0,
          "schema_version": 0,
          "attributes": {
            "id": "/subscriptions/77d4478e-38cb-43dc-a5ba-049a62cc7c37/resourceGroups/narahari-resources/providers/Microsoft.Network/networkSecurityGroups/acceptanceTestSecurityGroup1",
            "location": "westeurope",
            "name": "acceptanceTestSecurityGroup1",
            "resource_group_name": "narahari-resources",
            "security_rule": [
              {
                "access": "Allow",
                "description": "",
                "destination_address_prefix": "*",
                "destination_address_prefixes": [],
                "destination_application_security_group_ids": [],
                "destination_port_range": "*",
                "destination_port_ranges": [],
                "direction": "Inbound",
                "name": "narahari-rule",
                "priority": 100,
                "protocol": "Tcp",
                "source_address_prefix": "*",
                "source_address_prefixes": [],
                "source_application_security_group_ids": [],
                "source_port_range": "*",
                "source_port_ranges": []
              }
            ],
            "tags": {
              "environment": "DEV"
            },
            "timeouts": null
          },
          "sensitive_attributes": [],
          "private": "eyJlMmJmYjczMC1lY2FhLTExZTYtOGY4OC0zNDM2M2JjN2M0YzAiOnsiY3JlYXRlIjoxODAwMDAwMDAwMDAwLCJkZWxldGUiOjE4MDAwMDAwMDAwMDAsInJlYWQiOjMwMDAwMDAwMDAwMCwidXBkYXRlIjoxODAwMDAwMDAwMDAwfX0=",
          "dependencies": [
            "module.azure_cust.azurerm_resource_group.main"
          ]
        }
      ]
    },
    {
      "module": "module.azure_cust",
      "mode": "managed",
      "type": "azurerm_public_ip",
      "name": "main",
      "provider": "provider[\"registry.terraform.io/hashicorp/azurerm\"]",
      "instances": [
        {
          "index_key": 0,
          "schema_version": 0,
          "attributes": {
            "allocation_method": "Static",
            "availability_zone": "No-Zone",
            "domain_name_label": null,
            "fqdn": null,
            "id": "/subscriptions/77d4478e-38cb-43dc-a5ba-049a62cc7c37/resourceGroups/narahari-resources/providers/Microsoft.Network/publicIPAddresses/narahari-pip",
            "idle_timeout_in_minutes": 4,
            "ip_address": "52.232.82.109",
            "ip_tags": {},
            "ip_version": "IPv4",
            "location": "westeurope",
            "name": "narahari-pip",
            "public_ip_prefix_id": null,
            "resource_group_name": "narahari-resources",
            "reverse_fqdn": null,
            "sku": "Basic",
            "sku_tier": "Regional",
            "tags": {},
            "timeouts": null,
            "zones": []
          },
          "sensitive_attributes": [],
          "private": "eyJlMmJmYjczMC1lY2FhLTExZTYtOGY4OC0zNDM2M2JjN2M0YzAiOnsiY3JlYXRlIjoxODAwMDAwMDAwMDAwLCJkZWxldGUiOjE4MDAwMDAwMDAwMDAsInJlYWQiOjMwMDAwMDAwMDAwMCwidXBkYXRlIjoxODAwMDAwMDAwMDAwfX0=",
          "dependencies": [
            "module.azure_cust.azurerm_resource_group.main"
          ]
        }
      ]
    },
    {
      "module": "module.azure_cust",
      "mode": "managed",
      "type": "azurerm_resource_group",
      "name": "main",
      "provider": "provider[\"registry.terraform.io/hashicorp/azurerm\"]",
      "instances": [
        {
          "index_key": 0,
          "schema_version": 0,
          "attributes": {
            "id": "/subscriptions/77d4478e-38cb-43dc-a5ba-049a62cc7c37/resourceGroups/narahari-resources",
            "location": "westeurope",
            "name": "narahari-resources",
            "tags": {},
            "timeouts": null
          },
          "sensitive_attributes": [],
          "private": "eyJlMmJmYjczMC1lY2FhLTExZTYtOGY4OC0zNDM2M2JjN2M0YzAiOnsiY3JlYXRlIjo1NDAwMDAwMDAwMDAwLCJkZWxldGUiOjU0MDAwMDAwMDAwMDAsInJlYWQiOjMwMDAwMDAwMDAwMCwidXBkYXRlIjo1NDAwMDAwMDAwMDAwfX0="
        }
      ]
    },
    {
      "module": "module.azure_cust",
      "mode": "managed",
      "type": "azurerm_subnet",
      "name": "internal",
      "provider": "provider[\"registry.terraform.io/hashicorp/azurerm\"]",
      "instances": [
        {
          "index_key": 0,
          "schema_version": 0,
          "attributes": {
            "address_prefix": "10.0.2.0/24",
            "address_prefixes": [
              "10.0.2.0/24"
            ],
            "delegation": [],
            "enforce_private_link_endpoint_network_policies": false,
            "enforce_private_link_service_network_policies": false,
            "id": "/subscriptions/77d4478e-38cb-43dc-a5ba-049a62cc7c37/resourceGroups/narahari-resources/providers/Microsoft.Network/virtualNetworks/narahari-network/subnets/internal",
            "name": "internal",
            "resource_group_name": "narahari-resources",
            "service_endpoint_policy_ids": [],
            "service_endpoints": [],
            "timeouts": null,
            "virtual_network_name": "narahari-network"
          },
          "sensitive_attributes": [],
          "private": "eyJlMmJmYjczMC1lY2FhLTExZTYtOGY4OC0zNDM2M2JjN2M0YzAiOnsiY3JlYXRlIjoxODAwMDAwMDAwMDAwLCJkZWxldGUiOjE4MDAwMDAwMDAwMDAsInJlYWQiOjMwMDAwMDAwMDAwMCwidXBkYXRlIjoxODAwMDAwMDAwMDAwfX0=",
          "dependencies": [
            "module.azure_cust.azurerm_resource_group.main",
            "module.azure_cust.azurerm_virtual_network.main"
          ]
        }
      ]
    },
    {
      "module": "module.azure_cust",
      "mode": "managed",
      "type": "azurerm_virtual_network",
      "name": "main",
      "provider": "provider[\"registry.terraform.io/hashicorp/azurerm\"]",
      "instances": [
        {
          "index_key": 0,
          "schema_version": 0,
          "attributes": {
            "address_space": [
              "10.0.0.0/16"
            ],
            "bgp_community": "",
            "ddos_protection_plan": [],
            "dns_servers": [],
            "guid": "11d93b30-a40e-46b4-b066-22bf3a4f8cdc",
            "id": "/subscriptions/77d4478e-38cb-43dc-a5ba-049a62cc7c37/resourceGroups/narahari-resources/providers/Microsoft.Network/virtualNetworks/narahari-network",
            "location": "westeurope",
            "name": "narahari-network",
            "resource_group_name": "narahari-resources",
            "subnet": [
              {
                "address_prefix": "10.0.2.0/24",
                "id": "/subscriptions/77d4478e-38cb-43dc-a5ba-049a62cc7c37/resourceGroups/narahari-resources/providers/Microsoft.Network/virtualNetworks/narahari-network/subnets/internal",
                "name": "internal",
                "security_group": ""
              }
            ],
            "tags": {},
            "timeouts": null,
            "vm_protection_enabled": false
          },
          "sensitive_attributes": [],
          "private": "eyJlMmJmYjczMC1lY2FhLTExZTYtOGY4OC0zNDM2M2JjN2M0YzAiOnsiY3JlYXRlIjoxODAwMDAwMDAwMDAwLCJkZWxldGUiOjE4MDAwMDAwMDAwMDAsInJlYWQiOjMwMDAwMDAwMDAwMCwidXBkYXRlIjoxODAwMDAwMDAwMDAwfX0=",
          "dependencies": [
            "module.azure_cust.azurerm_resource_group.main"
          ]
        }
      ]
    }
  ]
}
