{
  "version": 4,
  "terraform_version": "1.0.7",
  "serial": 283,
  "lineage": "200e4454-2619-62e5-f76d-c47d7add40e8",
  "outputs": {},
  "resources": [
    {
      "module": "module.aws_cust",
      "mode": "data",
      "type": "aws_ami",
      "name": "ubuntu",
      "provider": "provider[\"registry.terraform.io/hashicorp/aws\"]",
      "instances": [
        {
          "schema_version": 0,
          "attributes": {
            "architecture": "x86_64",
            "arn": "arn:aws:ec2:us-east-2::image/ami-00dfe2c7ce89a450b",
            "block_device_mappings": [
              {
                "device_name": "/dev/xvda",
                "ebs": {
                  "delete_on_termination": "true",
                  "encrypted": "false",
                  "iops": "0",
                  "snapshot_id": "snap-0350fa19a1ac7579d",
                  "throughput": "0",
                  "volume_size": "8",
                  "volume_type": "gp2"
                },
                "no_device": "",
                "virtual_name": ""
              }
            ],
            "creation_date": "2021-08-25T06:57:25.000Z",
            "description": "Amazon Linux 2 AMI 2.0.20210813.1 x86_64 HVM gp2",
            "ena_support": true,
            "executable_users": null,
            "filter": [
              {
                "name": "name",
                "values": [
                  "amzn2-ami-hvm-*-gp2"
                ]
              },
              {
                "name": "virtualization-type",
                "values": [
                  "hvm"
                ]
              }
            ],
            "hypervisor": "xen",
            "id": "ami-00dfe2c7ce89a450b",
            "image_id": "ami-00dfe2c7ce89a450b",
            "image_location": "amazon/amzn2-ami-hvm-2.0.20210813.1-x86_64-gp2",
            "image_owner_alias": "amazon",
            "image_type": "machine",
            "kernel_id": null,
            "most_recent": true,
            "name": "amzn2-ami-hvm-2.0.20210813.1-x86_64-gp2",
            "name_regex": null,
            "owner_id": "137112412989",
            "owners": [
              "amazon"
            ],
            "platform": null,
            "platform_details": "Linux/UNIX",
            "product_codes": [],
            "public": true,
            "ramdisk_id": null,
            "root_device_name": "/dev/xvda",
            "root_device_type": "ebs",
            "root_snapshot_id": "snap-0350fa19a1ac7579d",
            "sriov_net_support": "simple",
            "state": "available",
            "state_reason": {
              "code": "UNSET",
              "message": "UNSET"
            },
            "tags": {},
            "usage_operation": "RunInstances",
            "virtualization_type": "hvm"
          },
          "sensitive_attributes": []
        }
      ]
    },
    {
      "module": "module.aws_cust",
      "mode": "managed",
      "type": "aws_instance",
      "name": "web",
      "provider": "provider[\"registry.terraform.io/hashicorp/aws\"]",
      "instances": [
        {
          "index_key": 0,
          "schema_version": 1,
          "attributes": {
            "ami": "ami-00dfe2c7ce89a450b",
            "arn": "arn:aws:ec2:us-east-2:649302246490:instance/i-06f73f37807d462cc",
            "associate_public_ip_address": true,
            "availability_zone": "us-east-2b",
            "capacity_reservation_specification": [
              {
                "capacity_reservation_preference": "open",
                "capacity_reservation_target": []
              }
            ],
            "cpu_core_count": 1,
            "cpu_threads_per_core": 1,
            "credit_specification": [
              {
                "cpu_credits": "standard"
              }
            ],
            "disable_api_termination": false,
            "ebs_block_device": [],
            "ebs_optimized": false,
            "enclave_options": [
              {
                "enabled": false
              }
            ],
            "ephemeral_block_device": [],
            "get_password_data": false,
            "hibernation": false,
            "host_id": null,
            "iam_instance_profile": "",
            "id": "i-06f73f37807d462cc",
            "instance_initiated_shutdown_behavior": "stop",
            "instance_state": "running",
            "instance_type": "t2.micro",
            "ipv6_address_count": 0,
            "ipv6_addresses": [],
            "key_name": "dev-key",
            "launch_template": [],
            "metadata_options": [
              {
                "http_endpoint": "enabled",
                "http_put_response_hop_limit": 1,
                "http_tokens": "optional"
              }
            ],
            "monitoring": false,
            "network_interface": [],
            "outpost_arn": "",
            "password_data": "",
            "placement_group": "",
            "primary_network_interface_id": "eni-001aadc3f09061f1c",
            "private_dns": "ip-172-31-16-255.us-east-2.compute.internal",
            "private_ip": "172.31.16.255",
            "public_dns": "ec2-3-137-140-175.us-east-2.compute.amazonaws.com",
            "public_ip": "3.137.140.175",
            "root_block_device": [
              {
                "delete_on_termination": true,
                "device_name": "/dev/xvda",
                "encrypted": false,
                "iops": 100,
                "kms_key_id": "",
                "tags": {},
                "throughput": 0,
                "volume_id": "vol-0c6192e7951edd0e7",
                "volume_size": 8,
                "volume_type": "gp2"
              }
            ],
            "secondary_private_ips": [],
            "security_groups": [
              "default"
            ],
            "source_dest_check": true,
            "subnet_id": "subnet-ac3af3d1",
            "tags": {
              "Name": "dev-Terraform"
            },
            "tags_all": {
              "Name": "dev-Terraform"
            },
            "tenancy": "default",
            "timeouts": null,
            "user_data": null,
            "user_data_base64": null,
            "volume_tags": null,
            "vpc_security_group_ids": [
              "sg-2afde660"
            ]
          },
          "sensitive_attributes": [],
          "private": "eyJlMmJmYjczMC1lY2FhLTExZTYtOGY4OC0zNDM2M2JjN2M0YzAiOnsiY3JlYXRlIjo2MDAwMDAwMDAwMDAsImRlbGV0ZSI6MTIwMDAwMDAwMDAwMCwidXBkYXRlIjo2MDAwMDAwMDAwMDB9LCJzY2hlbWFfdmVyc2lvbiI6IjEifQ==",
          "dependencies": [
            "module.aws_cust.aws_key_pair.deployer",
            "module.aws_cust.data.aws_ami.ubuntu"
          ]
        }
      ]
    },
    {
      "module": "module.aws_cust",
      "mode": "managed",
      "type": "aws_key_pair",
      "name": "deployer",
      "provider": "provider[\"registry.terraform.io/hashicorp/aws\"]",
      "instances": [
        {
          "index_key": 0,
          "schema_version": 1,
          "attributes": {
            "arn": "arn:aws:ec2:us-east-2:649302246490:key-pair/dev-key",
            "fingerprint": "96:81:a7:34:43:26:88:18:ec:b7:78:1f:70:39:13:71",
            "id": "dev-key",
            "key_name": "dev-key",
            "key_name_prefix": null,
            "key_pair_id": "key-0f99612014865dffb",
            "public_key": "ssh-rsa AAAAB3NzaC1yc2EAAAADAQABAAABgQCuhY7UEAy6iql+57W/tdQgxO9L2rhbRrvvpEaDdoWe9U60s/a8o7IgdN9hSxP/TZAIRmj0tMauZk6VSvT1Cof7qrRWhRF8hnUiiROgjDa1o9yZtM9zp+DDloHnqLxFYRBkGzQGI5NCPEyqXkGcUXK+1zwtlFRq/s7SIvOYP+pf4QtEIRuGfOxm8NfoLIIWi8FtB2IduOYE4tdEJZ4O9YKifltknNL2J0J2T6Nknvu88NRqMsJ6O+BpPU7bZzLK2ld7NlRsk7NTnKTnDetDSyw1Yr5V3TDqJzMJL3PyjjtKTRynXQ/s7GlZa4naOdjjRk2bH9cbz2muhrBcwfe8Y0FyesAi/KWuf/j+AWDcdRR4dmpGg8CeggW6wjGMGipSiqZzdXk/XfcKboLPqtoP35ltdRxW2jTyQOjdEFNNErzfgPdekiWk8ebhoPDWidqBHn61NzNLfnNACxO4goXXrKsIfiinKiPXuxMYCx31xDCQG/GUlmuhe1ICnH2CLoidazc= Narahari@LAPTOP-EI44R2DI",
            "tags": null,
            "tags_all": {}
          },
          "sensitive_attributes": [],
          "private": "eyJzY2hlbWFfdmVyc2lvbiI6IjEifQ=="
        }
      ]
    },
    {
      "module": "module.azure_cust",
      "mode": "managed",
      "type": "azurerm_linux_virtual_machine",
      "name": "main",
      "provider": "provider[\"registry.terraform.io/hashicorp/azurerm\"]",
      "instances": [
        {
          "index_key": 0,
          "schema_version": 0,
          "attributes": {
            "additional_capabilities": [],
            "admin_password": null,
            "admin_ssh_key": [
              {
                "public_key": "ssh-rsa AAAAB3NzaC1yc2EAAAADAQABAAABgQCuhY7UEAy6iql+57W/tdQgxO9L2rhbRrvvpEaDdoWe9U60s/a8o7IgdN9hSxP/TZAIRmj0tMauZk6VSvT1Cof7qrRWhRF8hnUiiROgjDa1o9yZtM9zp+DDloHnqLxFYRBkGzQGI5NCPEyqXkGcUXK+1zwtlFRq/s7SIvOYP+pf4QtEIRuGfOxm8NfoLIIWi8FtB2IduOYE4tdEJZ4O9YKifltknNL2J0J2T6Nknvu88NRqMsJ6O+BpPU7bZzLK2ld7NlRsk7NTnKTnDetDSyw1Yr5V3TDqJzMJL3PyjjtKTRynXQ/s7GlZa4naOdjjRk2bH9cbz2muhrBcwfe8Y0FyesAi/KWuf/j+AWDcdRR4dmpGg8CeggW6wjGMGipSiqZzdXk/XfcKboLPqtoP35ltdRxW2jTyQOjdEFNNErzfgPdekiWk8ebhoPDWidqBHn61NzNLfnNACxO4goXXrKsIfiinKiPXuxMYCx31xDCQG/GUlmuhe1ICnH2CLoidazc= Narahari@LAPTOP-EI44R2DI\n",
                "username": "narahari"
              }
            ],
            "admin_username": "narahari",
            "allow_extension_operations": true,
            "availability_set_id": "",
            "boot_diagnostics": [],
            "computer_name": "dev-vm",
            "custom_data": null,
            "dedicated_host_id": "",
            "disable_password_authentication": true,
            "encryption_at_host_enabled": false,
            "eviction_policy": "",
            "extensions_time_budget": "PT1H30M",
            "id": "/subscriptions/77d4478e-38cb-43dc-a5ba-049a62cc7c37/resourceGroups/dev-resources/providers/Microsoft.Compute/virtualMachines/dev-vm",
            "identity": [],
            "license_type": "",
            "location": "westeurope",
            "max_bid_price": -1,
            "name": "dev-vm",
            "network_interface_ids": [
              "/subscriptions/77d4478e-38cb-43dc-a5ba-049a62cc7c37/resourceGroups/dev-resources/providers/Microsoft.Network/networkInterfaces/dev-nic"
            ],
            "os_disk": [
              {
                "caching": "ReadWrite",
                "diff_disk_settings": [],
                "disk_encryption_set_id": "",
                "disk_size_gb": 30,
                "name": "dev-vm_OsDisk_1_c6b57034c1b6447bb589fefc4992f0f6",
                "storage_account_type": "Standard_LRS",
                "write_accelerator_enabled": false
              }
            ],
            "plan": [],
            "platform_fault_domain": -1,
            "priority": "Regular",
            "private_ip_address": "10.0.2.4",
            "private_ip_addresses": [
              "10.0.2.4"
            ],
            "provision_vm_agent": true,
            "proximity_placement_group_id": "",
            "public_ip_address": "52.157.149.244",
            "public_ip_addresses": [
              "52.157.149.244"
            ],
            "resource_group_name": "dev-resources",
            "secret": [],
            "size": "Standard_F2",
            "source_image_id": "",
            "source_image_reference": [
              {
                "offer": "UbuntuServer",
                "publisher": "Canonical",
                "sku": "16.04-LTS",
                "version": "latest"
              }
            ],
            "tags": null,
            "timeouts": null,
            "virtual_machine_id": "991217b0-f347-4fc3-b112-a1291fbb8ebc",
            "virtual_machine_scale_set_id": "",
            "zone": ""
          },
          "sensitive_attributes": [],
          "private": "eyJlMmJmYjczMC1lY2FhLTExZTYtOGY4OC0zNDM2M2JjN2M0YzAiOnsiY3JlYXRlIjoyNzAwMDAwMDAwMDAwLCJkZWxldGUiOjI3MDAwMDAwMDAwMDAsInJlYWQiOjMwMDAwMDAwMDAwMCwidXBkYXRlIjoyNzAwMDAwMDAwMDAwfX0=",
          "dependencies": [
            "module.azure_cust.azurerm_network_interface.main",
            "module.azure_cust.azurerm_public_ip.main",
            "module.azure_cust.azurerm_resource_group.main",
            "module.azure_cust.azurerm_subnet.internal",
            "module.azure_cust.azurerm_virtual_network.main"
          ]
        }
      ]
    },
    {
      "module": "module.azure_cust",
      "mode": "managed",
      "type": "azurerm_network_interface",
      "name": "main",
      "provider": "provider[\"registry.terraform.io/hashicorp/azurerm\"]",
      "instances": [
        {
          "index_key": 0,
          "schema_version": 0,
          "attributes": {
            "applied_dns_servers": [],
            "dns_servers": [],
            "enable_accelerated_networking": false,
            "enable_ip_forwarding": false,
            "id": "/subscriptions/77d4478e-38cb-43dc-a5ba-049a62cc7c37/resourceGroups/dev-resources/providers/Microsoft.Network/networkInterfaces/dev-nic",
            "internal_dns_name_label": "",
            "internal_domain_name_suffix": "bcjfxrhygmhutiwzsf53vhpeda.ax.internal.cloudapp.net",
            "ip_configuration": [
              {
                "name": "internal",
                "primary": true,
                "private_ip_address": "10.0.2.4",
                "private_ip_address_allocation": "Dynamic",
                "private_ip_address_version": "IPv4",
                "public_ip_address_id": "/subscriptions/77d4478e-38cb-43dc-a5ba-049a62cc7c37/resourceGroups/dev-resources/providers/Microsoft.Network/publicIPAddresses/dev-pip",
                "subnet_id": "/subscriptions/77d4478e-38cb-43dc-a5ba-049a62cc7c37/resourceGroups/dev-resources/providers/Microsoft.Network/virtualNetworks/dev-network/subnets/internal"
              }
            ],
            "location": "westeurope",
            "mac_address": "",
            "name": "dev-nic",
            "private_ip_address": "10.0.2.4",
            "private_ip_addresses": [
              "10.0.2.4"
            ],
            "resource_group_name": "dev-resources",
            "tags": null,
            "timeouts": null,
            "virtual_machine_id": ""
          },
          "sensitive_attributes": [],
          "private": "eyJlMmJmYjczMC1lY2FhLTExZTYtOGY4OC0zNDM2M2JjN2M0YzAiOnsiY3JlYXRlIjoxODAwMDAwMDAwMDAwLCJkZWxldGUiOjE4MDAwMDAwMDAwMDAsInJlYWQiOjMwMDAwMDAwMDAwMCwidXBkYXRlIjoxODAwMDAwMDAwMDAwfX0=",
          "dependencies": [
            "module.azure_cust.azurerm_public_ip.main",
            "module.azure_cust.azurerm_resource_group.main",
            "module.azure_cust.azurerm_subnet.internal",
            "module.azure_cust.azurerm_virtual_network.main"
          ]
        }
      ]
    },
    {
      "module": "module.azure_cust",
      "mode": "managed",
      "type": "azurerm_public_ip",
      "name": "main",
      "provider": "provider[\"registry.terraform.io/hashicorp/azurerm\"]",
      "instances": [
        {
          "index_key": 0,
          "schema_version": 0,
          "attributes": {
            "allocation_method": "Static",
            "availability_zone": "No-Zone",
            "domain_name_label": null,
            "fqdn": null,
            "id": "/subscriptions/77d4478e-38cb-43dc-a5ba-049a62cc7c37/resourceGroups/dev-resources/providers/Microsoft.Network/publicIPAddresses/dev-pip",
            "idle_timeout_in_minutes": 4,
            "ip_address": "52.157.149.244",
            "ip_tags": null,
            "ip_version": "IPv4",
            "location": "westeurope",
            "name": "dev-pip",
            "public_ip_prefix_id": null,
            "resource_group_name": "dev-resources",
            "reverse_fqdn": null,
            "sku": "Basic",
            "sku_tier": "Regional",
            "tags": null,
            "timeouts": null,
            "zones": []
          },
          "sensitive_attributes": [],
          "private": "eyJlMmJmYjczMC1lY2FhLTExZTYtOGY4OC0zNDM2M2JjN2M0YzAiOnsiY3JlYXRlIjoxODAwMDAwMDAwMDAwLCJkZWxldGUiOjE4MDAwMDAwMDAwMDAsInJlYWQiOjMwMDAwMDAwMDAwMCwidXBkYXRlIjoxODAwMDAwMDAwMDAwfX0=",
          "dependencies": [
            "module.azure_cust.azurerm_resource_group.main"
          ]
        }
      ]
    },
    {
      "module": "module.azure_cust",
      "mode": "managed",
      "type": "azurerm_resource_group",
      "name": "main",
      "provider": "provider[\"registry.terraform.io/hashicorp/azurerm\"]",
      "instances": [
        {
          "index_key": 0,
          "schema_version": 0,
          "attributes": {
            "id": "/subscriptions/77d4478e-38cb-43dc-a5ba-049a62cc7c37/resourceGroups/dev-resources",
            "location": "westeurope",
            "name": "dev-resources",
            "tags": null,
            "timeouts": null
          },
          "sensitive_attributes": [],
          "private": "eyJlMmJmYjczMC1lY2FhLTExZTYtOGY4OC0zNDM2M2JjN2M0YzAiOnsiY3JlYXRlIjo1NDAwMDAwMDAwMDAwLCJkZWxldGUiOjU0MDAwMDAwMDAwMDAsInJlYWQiOjMwMDAwMDAwMDAwMCwidXBkYXRlIjo1NDAwMDAwMDAwMDAwfX0="
        }
      ]
    },
    {
      "module": "module.azure_cust",
      "mode": "managed",
      "type": "azurerm_subnet",
      "name": "internal",
      "provider": "provider[\"registry.terraform.io/hashicorp/azurerm\"]",
      "instances": [
        {
          "index_key": 0,
          "schema_version": 0,
          "attributes": {
            "address_prefix": "10.0.2.0/24",
            "address_prefixes": [
              "10.0.2.0/24"
            ],
            "delegation": [],
            "enforce_private_link_endpoint_network_policies": false,
            "enforce_private_link_service_network_policies": false,
            "id": "/subscriptions/77d4478e-38cb-43dc-a5ba-049a62cc7c37/resourceGroups/dev-resources/providers/Microsoft.Network/virtualNetworks/dev-network/subnets/internal",
            "name": "internal",
            "resource_group_name": "dev-resources",
            "service_endpoint_policy_ids": null,
            "service_endpoints": null,
            "timeouts": null,
            "virtual_network_name": "dev-network"
          },
          "sensitive_attributes": [],
          "private": "eyJlMmJmYjczMC1lY2FhLTExZTYtOGY4OC0zNDM2M2JjN2M0YzAiOnsiY3JlYXRlIjoxODAwMDAwMDAwMDAwLCJkZWxldGUiOjE4MDAwMDAwMDAwMDAsInJlYWQiOjMwMDAwMDAwMDAwMCwidXBkYXRlIjoxODAwMDAwMDAwMDAwfX0=",
          "dependencies": [
            "module.azure_cust.azurerm_resource_group.main",
            "module.azure_cust.azurerm_virtual_network.main"
          ]
        }
      ]
    },
    {
      "module": "module.azure_cust",
      "mode": "managed",
      "type": "azurerm_virtual_network",
      "name": "main",
      "provider": "provider[\"registry.terraform.io/hashicorp/azurerm\"]",
      "instances": [
        {
          "index_key": 0,
          "schema_version": 0,
          "attributes": {
            "address_space": [
              "10.0.0.0/16"
            ],
            "bgp_community": "",
            "ddos_protection_plan": [],
            "dns_servers": [],
            "guid": "c45b9208-33f8-490f-a2d9-917fda9de418",
            "id": "/subscriptions/77d4478e-38cb-43dc-a5ba-049a62cc7c37/resourceGroups/dev-resources/providers/Microsoft.Network/virtualNetworks/dev-network",
            "location": "westeurope",
            "name": "dev-network",
            "resource_group_name": "dev-resources",
            "subnet": [],
            "tags": null,
            "timeouts": null,
            "vm_protection_enabled": false
          },
          "sensitive_attributes": [],
          "private": "eyJlMmJmYjczMC1lY2FhLTExZTYtOGY4OC0zNDM2M2JjN2M0YzAiOnsiY3JlYXRlIjoxODAwMDAwMDAwMDAwLCJkZWxldGUiOjE4MDAwMDAwMDAwMDAsInJlYWQiOjMwMDAwMDAwMDAwMCwidXBkYXRlIjoxODAwMDAwMDAwMDAwfX0=",
          "dependencies": [
            "module.azure_cust.azurerm_resource_group.main"
          ]
        }
      ]
    },
    {
      "module": "module.gcp_cust",
      "mode": "managed",
      "type": "google_compute_address",
      "name": "static",
      "provider": "provider[\"registry.terraform.io/hashicorp/google\"]",
      "instances": [
        {
          "index_key": 0,
          "schema_version": 0,
          "attributes": {
            "address": "34.93.209.50",
            "address_type": "EXTERNAL",
            "creation_timestamp": "2021-10-06T01:16:19.426-07:00",
            "description": "",
            "id": "projects/numeric-chassis-328203/regions/asia-south1/addresses/vm-public-address",
            "name": "vm-public-address",
            "network": "",
            "network_tier": "PREMIUM",
            "prefix_length": 0,
            "project": "numeric-chassis-328203",
            "purpose": "",
            "region": "asia-south1",
            "self_link": "https://www.googleapis.com/compute/v1/projects/numeric-chassis-328203/regions/asia-south1/addresses/vm-public-address",
            "subnetwork": "",
            "timeouts": null,
            "users": []
          },
          "sensitive_attributes": [],
          "private": "eyJlMmJmYjczMC1lY2FhLTExZTYtOGY4OC0zNDM2M2JjN2M0YzAiOnsiY3JlYXRlIjoyNDAwMDAwMDAwMDAsImRlbGV0ZSI6MjQwMDAwMDAwMDAwfX0=",
          "dependencies": [
            "module.gcp_cust.google_compute_firewall.firewall"
          ]
        }
      ]
    },
    {
      "module": "module.gcp_cust",
      "mode": "managed",
      "type": "google_compute_firewall",
      "name": "firewall",
      "provider": "provider[\"registry.terraform.io/hashicorp/google\"]",
      "instances": [
        {
          "index_key": 0,
          "schema_version": 1,
          "attributes": {
            "allow": [
              {
                "ports": [
                  "22"
                ],
                "protocol": "tcp"
              }
            ],
            "creation_timestamp": "2021-10-06T01:16:06.436-07:00",
            "deny": [],
            "description": "",
            "destination_ranges": [],
            "direction": "INGRESS",
            "disabled": false,
            "enable_logging": null,
            "id": "projects/numeric-chassis-328203/global/firewalls/dev-firewall-externalssh",
            "log_config": [],
            "name": "dev-firewall-externalssh",
            "network": "https://www.googleapis.com/compute/v1/projects/numeric-chassis-328203/global/networks/default",
            "priority": 1000,
            "project": "numeric-chassis-328203",
            "self_link": "https://www.googleapis.com/compute/v1/projects/numeric-chassis-328203/global/firewalls/dev-firewall-externalssh",
            "source_ranges": [
              "0.0.0.0/0"
            ],
            "source_service_accounts": null,
            "source_tags": null,
            "target_service_accounts": null,
            "target_tags": [
              "externalssh"
            ],
            "timeouts": null
          },
          "sensitive_attributes": [],
          "private": "eyJlMmJmYjczMC1lY2FhLTExZTYtOGY4OC0zNDM2M2JjN2M0YzAiOnsiY3JlYXRlIjoyNDAwMDAwMDAwMDAsImRlbGV0ZSI6MjQwMDAwMDAwMDAwLCJ1cGRhdGUiOjI0MDAwMDAwMDAwMH0sInNjaGVtYV92ZXJzaW9uIjoiMSJ9"
        }
      ]
    },
    {
      "module": "module.gcp_cust",
      "mode": "managed",
      "type": "google_compute_firewall",
      "name": "webserverrule",
      "provider": "provider[\"registry.terraform.io/hashicorp/google\"]",
      "instances": [
        {
          "index_key": 0,
          "schema_version": 1,
          "attributes": {
            "allow": [
              {
                "ports": [
                  "80",
                  "443"
                ],
                "protocol": "tcp"
              }
            ],
            "creation_timestamp": "2021-10-06T01:16:06.324-07:00",
            "deny": [],
            "description": "",
            "destination_ranges": [],
            "direction": "INGRESS",
            "disabled": false,
            "enable_logging": null,
            "id": "projects/numeric-chassis-328203/global/firewalls/dev-webserver",
            "log_config": [],
            "name": "dev-webserver",
            "network": "https://www.googleapis.com/compute/v1/projects/numeric-chassis-328203/global/networks/default",
            "priority": 1000,
            "project": "numeric-chassis-328203",
            "self_link": "https://www.googleapis.com/compute/v1/projects/numeric-chassis-328203/global/firewalls/dev-webserver",
            "source_ranges": [
              "0.0.0.0/0"
            ],
            "source_service_accounts": null,
            "source_tags": null,
            "target_service_accounts": null,
            "target_tags": [
              "webserver"
            ],
            "timeouts": null
          },
          "sensitive_attributes": [],
          "private": "eyJlMmJmYjczMC1lY2FhLTExZTYtOGY4OC0zNDM2M2JjN2M0YzAiOnsiY3JlYXRlIjoyNDAwMDAwMDAwMDAsImRlbGV0ZSI6MjQwMDAwMDAwMDAwLCJ1cGRhdGUiOjI0MDAwMDAwMDAwMH0sInNjaGVtYV92ZXJzaW9uIjoiMSJ9"
        }
      ]
    },
    {
      "module": "module.gcp_cust",
      "mode": "managed",
      "type": "google_compute_instance",
      "name": "dev",
      "provider": "provider[\"registry.terraform.io/hashicorp/google\"]",
      "instances": [
        {
          "index_key": 0,
          "schema_version": 6,
          "attributes": {
            "advanced_machine_features": [],
            "allow_stopping_for_update": null,
            "attached_disk": [],
            "boot_disk": [
              {
                "auto_delete": true,
                "device_name": "persistent-disk-0",
                "disk_encryption_key_raw": "",
                "disk_encryption_key_sha256": "",
                "initialize_params": [
                  {
                    "image": "https://www.googleapis.com/compute/v1/projects/centos-cloud/global/images/centos-7-v20210916",
                    "labels": {},
                    "size": 20,
                    "type": "pd-standard"
                  }
                ],
                "kms_key_self_link": "",
                "mode": "READ_WRITE",
                "source": "https://www.googleapis.com/compute/v1/projects/numeric-chassis-328203/zones/asia-south1-a/disks/dev-vm"
              }
            ],
            "can_ip_forward": false,
            "confidential_instance_config": [],
            "cpu_platform": "Intel Skylake",
            "current_status": "RUNNING",
            "deletion_protection": false,
            "description": "",
            "desired_status": null,
            "enable_display": false,
            "guest_accelerator": [],
            "hostname": "",
            "id": "projects/numeric-chassis-328203/zones/asia-south1-a/instances/dev-vm",
            "instance_id": "2965460829873431949",
            "label_fingerprint": "42WmSpB8rSM=",
            "labels": null,
            "machine_type": "f1-micro",
            "metadata": {
              "ssh-keys": "narahari:ssh-rsa AAAAB3NzaC1yc2EAAAADAQABAAABgQCuhY7UEAy6iql+57W/tdQgxO9L2rhbRrvvpEaDdoWe9U60s/a8o7IgdN9hSxP/TZAIRmj0tMauZk6VSvT1Cof7qrRWhRF8hnUiiROgjDa1o9yZtM9zp+DDloHnqLxFYRBkGzQGI5NCPEyqXkGcUXK+1zwtlFRq/s7SIvOYP+pf4QtEIRuGfOxm8NfoLIIWi8FtB2IduOYE4tdEJZ4O9YKifltknNL2J0J2T6Nknvu88NRqMsJ6O+BpPU7bZzLK2ld7NlRsk7NTnKTnDetDSyw1Yr5V3TDqJzMJL3PyjjtKTRynXQ/s7GlZa4naOdjjRk2bH9cbz2muhrBcwfe8Y0FyesAi/KWuf/j+AWDcdRR4dmpGg8CeggW6wjGMGipSiqZzdXk/XfcKboLPqtoP35ltdRxW2jTyQOjdEFNNErzfgPdekiWk8ebhoPDWidqBHn61NzNLfnNACxO4goXXrKsIfiinKiPXuxMYCx31xDCQG/GUlmuhe1ICnH2CLoidazc= Narahari@LAPTOP-EI44R2DI\n"
            },
            "metadata_fingerprint": "W7uuyH2t_nw=",
            "metadata_startup_script": "",
            "min_cpu_platform": "",
            "name": "dev-vm",
            "network_interface": [
              {
                "access_config": [
                  {
                    "nat_ip": "34.93.209.50",
                    "network_tier": "PREMIUM",
                    "public_ptr_domain_name": ""
                  }
                ],
                "alias_ip_range": [],
                "name": "nic0",
                "network": "https://www.googleapis.com/compute/v1/projects/numeric-chassis-328203/global/networks/default",
                "network_ip": "10.160.0.4",
                "nic_type": "",
                "subnetwork": "https://www.googleapis.com/compute/v1/projects/numeric-chassis-328203/regions/asia-south1/subnetworks/default",
                "subnetwork_project": "numeric-chassis-328203"
              }
            ],
            "project": "numeric-chassis-328203",
            "reservation_affinity": [],
            "resource_policies": null,
            "scheduling": [
              {
                "automatic_restart": true,
                "min_node_cpus": 0,
                "node_affinities": [],
                "on_host_maintenance": "MIGRATE",
                "preemptible": false
              }
            ],
            "scratch_disk": [],
            "self_link": "https://www.googleapis.com/compute/v1/projects/numeric-chassis-328203/zones/asia-south1-a/instances/dev-vm",
            "service_account": [],
            "shielded_instance_config": [
              {
                "enable_integrity_monitoring": true,
                "enable_secure_boot": false,
                "enable_vtpm": true
              }
            ],
            "tags": [
              "externalssh",
              "webserver"
            ],
            "tags_fingerprint": "Mh9u1hBHiNA=",
            "timeouts": null,
            "zone": "asia-south1-a"
          },
          "sensitive_attributes": [],
          "private": "eyJlMmJmYjczMC1lY2FhLTExZTYtOGY4OC0zNDM2M2JjN2M0YzAiOnsiY3JlYXRlIjoxMjAwMDAwMDAwMDAwLCJkZWxldGUiOjEyMDAwMDAwMDAwMDAsInVwZGF0ZSI6MTIwMDAwMDAwMDAwMH0sInNjaGVtYV92ZXJzaW9uIjoiNiJ9",
          "dependencies": [
            "module.gcp_cust.google_compute_address.static",
            "module.gcp_cust.google_compute_firewall.firewall",
            "module.gcp_cust.google_compute_firewall.webserverrule"
          ]
        }
      ]
    }
  ]
}
